github.com/tommie/v8go/deps/android_amd64 v0.0.0-20250226014007-409bc005c2fa h1:Yh78Nbj/9MsktADl8fbsWB3ZesIMXOlNTBaWbWJJkJI=
github.com/tommie/v8go/deps/android_amd64 v0.0.0-20250226014007-409bc005c2fa/go.mod h1:+SU4RWSqMXAx2oR/Gzkyc1YAG6F8SCzttMv3sZkh+qY=
github.com/tommie/v8go/deps/android_arm64 v0.0.0-20250226014007-409bc005c2fa h1:xT9z0RNtxX5KSwIW17KxU4kOn5JSLV41Z3p0o+xPH+g=
github.com/tommie/v8go/deps/android_arm64 v0.0.0-20250226014007-409bc005c2fa/go.mod h1:cR4ynUc528GmLCLOb3c1iM2d6qZ5DCVHh+eAD7sJDBQ=
github.com/tommie/v8go/deps/darwin_amd64 v0.0.0-20250226014007-409bc005c2fa h1:z8m38Ekl62nKcCA75XuDenO3hSjJqIdXGkG/VIoVHCM=
github.com/tommie/v8go/deps/darwin_amd64 v0.0.0-20250226014007-409bc005c2fa/go.mod h1:0qn9w9F7mniTrixPYggJNQQtpAkb9OKY3STy3SSEBi4=
github.com/tommie/v8go/deps/darwin_arm64 v0.0.0-20250226014007-409bc005c2fa h1:TZpI1wsE4WalulHw8Vf2W7q7TLz4Co6PhEqikUxPaCE=
github.com/tommie/v8go/deps/darwin_arm64 v0.0.0-20250226014007-409bc005c2fa/go.mod h1:bd8hssu+JaGC4mIE9SukKia0TYs5v977mNodhgpJrdo=
github.com/tommie/v8go/deps/linux_amd64 v0.0.0-20250226014007-409bc005c2fa h1:NNnX3BkMX6wQ2fVNh46qti2D3GzfaieDI520HYCqKtc=
github.com/tommie/v8go/deps/linux_amd64 v0.0.0-20250226014007-409bc005c2fa/go.mod h1:ZKG7g6Rah4/ZRzb07qFrQI/EPSm2PMj1cN/9y4fxgO8=
github.com/tommie/v8go/deps/linux_arm64 v0.0.0-20250226014007-409bc005c2fa h1:/jxiQlyZqNJGkNIjCLl2jGkBASWYlNmD6GrJqvL1OCk=
github.com/tommie/v8go/deps/linux_arm64 v0.0.0-20250226014007-409bc005c2fa/go.mod h1:B/myVnZ82IRgW//OzDnHArcOzW8Yq7FbWnMnYPbZ0Hc=
